// !$*UTF8*$!
{
	archiveVersion = 1;
	classes = {
	};
	objectVersion = 46;
	objects = {

/* Begin PBXBuildFile section */
		28DD4E76260AEE97043A83A9 /* Pods.framework in Frameworks */ = {isa = PBXBuildFile; fileRef = FAF0BBE6266C7E160908CD21 /* Pods.framework */; };
		48EDA1CC1D0CF792001646A6 /* AppDelegate.swift in Sources */ = {isa = PBXBuildFile; fileRef = 48EDA1CB1D0CF792001646A6 /* AppDelegate.swift */; };
		48EDA1CE1D0CF792001646A6 /* ViewController.swift in Sources */ = {isa = PBXBuildFile; fileRef = 48EDA1CD1D0CF792001646A6 /* ViewController.swift */; };
		48EDA1D11D0CF792001646A6 /* Main.storyboard in Resources */ = {isa = PBXBuildFile; fileRef = 48EDA1CF1D0CF792001646A6 /* Main.storyboard */; };
		48EDA1D31D0CF792001646A6 /* Assets.xcassets in Resources */ = {isa = PBXBuildFile; fileRef = 48EDA1D21D0CF792001646A6 /* Assets.xcassets */; };
		48EDA1D61D0CF792001646A6 /* LaunchScreen.storyboard in Resources */ = {isa = PBXBuildFile; fileRef = 48EDA1D41D0CF792001646A6 /* LaunchScreen.storyboard */; };
		48EDA1E11D0CF792001646A6 /* CornerTests.swift in Sources */ = {isa = PBXBuildFile; fileRef = 48EDA1E01D0CF792001646A6 /* CornerTests.swift */; };
		48EDA1EC1D0CF792001646A6 /* CornerUITests.swift in Sources */ = {isa = PBXBuildFile; fileRef = 48EDA1EB1D0CF792001646A6 /* CornerUITests.swift */; };
		48EDA1FA1D0D0162001646A6 /* AdView.xib in Resources */ = {isa = PBXBuildFile; fileRef = 48EDA1F91D0D0162001646A6 /* AdView.xib */; };
/* End PBXBuildFile section */

/* Begin PBXContainerItemProxy section */
		48EDA1DD1D0CF792001646A6 /* PBXContainerItemProxy */ = {
			isa = PBXContainerItemProxy;
			containerPortal = 48EDA1C01D0CF792001646A6 /* Project object */;
			proxyType = 1;
			remoteGlobalIDString = 48EDA1C71D0CF792001646A6;
			remoteInfo = Corner;
		};
		48EDA1E81D0CF792001646A6 /* PBXContainerItemProxy */ = {
			isa = PBXContainerItemProxy;
			containerPortal = 48EDA1C01D0CF792001646A6 /* Project object */;
			proxyType = 1;
			remoteGlobalIDString = 48EDA1C71D0CF792001646A6;
			remoteInfo = Corner;
		};
/* End PBXContainerItemProxy section */

/* Begin PBXFileReference section */
		3818C7E1466B34F32C237A02 /* Pods.debug.xcconfig */ = {isa = PBXFileReference; includeInIndex = 1; lastKnownFileType = text.xcconfig; name = Pods.debug.xcconfig; path = "Pods/Target Support Files/Pods/Pods.debug.xcconfig"; sourceTree = "<group>"; };
		48EDA1C81D0CF792001646A6 /* Corner.app */ = {isa = PBXFileReference; explicitFileType = wrapper.application; includeInIndex = 0; path = Corner.app; sourceTree = BUILT_PRODUCTS_DIR; };
		48EDA1CB1D0CF792001646A6 /* AppDelegate.swift */ = {isa = PBXFileReference; lastKnownFileType = sourcecode.swift; path = AppDelegate.swift; sourceTree = "<group>"; };
		48EDA1CD1D0CF792001646A6 /* ViewController.swift */ = {isa = PBXFileReference; lastKnownFileType = sourcecode.swift; path = ViewController.swift; sourceTree = "<group>"; };
		48EDA1D01D0CF792001646A6 /* Base */ = {isa = PBXFileReference; lastKnownFileType = file.storyboard; name = Base; path = Base.lproj/Main.storyboard; sourceTree = "<group>"; };
		48EDA1D21D0CF792001646A6 /* Assets.xcassets */ = {isa = PBXFileReference; lastKnownFileType = folder.assetcatalog; path = Assets.xcassets; sourceTree = "<group>"; };
		48EDA1D51D0CF792001646A6 /* Base */ = {isa = PBXFileReference; lastKnownFileType = file.storyboard; name = Base; path = Base.lproj/LaunchScreen.storyboard; sourceTree = "<group>"; };
		48EDA1D71D0CF792001646A6 /* Info.plist */ = {isa = PBXFileReference; lastKnownFileType = text.plist.xml; path = Info.plist; sourceTree = "<group>"; };
		48EDA1DC1D0CF792001646A6 /* CornerTests.xctest */ = {isa = PBXFileReference; explicitFileType = wrapper.cfbundle; includeInIndex = 0; path = CornerTests.xctest; sourceTree = BUILT_PRODUCTS_DIR; };
		48EDA1E01D0CF792001646A6 /* CornerTests.swift */ = {isa = PBXFileReference; lastKnownFileType = sourcecode.swift; path = CornerTests.swift; sourceTree = "<group>"; };
		48EDA1E21D0CF792001646A6 /* Info.plist */ = {isa = PBXFileReference; lastKnownFileType = text.plist.xml; path = Info.plist; sourceTree = "<group>"; };
		48EDA1E71D0CF792001646A6 /* CornerUITests.xctest */ = {isa = PBXFileReference; explicitFileType = wrapper.cfbundle; includeInIndex = 0; path = CornerUITests.xctest; sourceTree = BUILT_PRODUCTS_DIR; };
		48EDA1EB1D0CF792001646A6 /* CornerUITests.swift */ = {isa = PBXFileReference; lastKnownFileType = sourcecode.swift; path = CornerUITests.swift; sourceTree = "<group>"; };
		48EDA1ED1D0CF792001646A6 /* Info.plist */ = {isa = PBXFileReference; lastKnownFileType = text.plist.xml; path = Info.plist; sourceTree = "<group>"; };
		48EDA1F91D0D0162001646A6 /* AdView.xib */ = {isa = PBXFileReference; fileEncoding = 4; lastKnownFileType = file.xib; path = AdView.xib; sourceTree = "<group>"; };
		B01E33391E1467D57BFF893B /* Pods.release.xcconfig */ = {isa = PBXFileReference; includeInIndex = 1; lastKnownFileType = text.xcconfig; name = Pods.release.xcconfig; path = "Pods/Target Support Files/Pods/Pods.release.xcconfig"; sourceTree = "<group>"; };
		FAF0BBE6266C7E160908CD21 /* Pods.framework */ = {isa = PBXFileReference; explicitFileType = wrapper.framework; includeInIndex = 0; path = Pods.framework; sourceTree = BUILT_PRODUCTS_DIR; };
/* End PBXFileReference section */

/* Begin PBXFrameworksBuildPhase section */
		48EDA1C51D0CF792001646A6 /* Frameworks */ = {
			isa = PBXFrameworksBuildPhase;
			buildActionMask = 2147483647;
			files = (
				28DD4E76260AEE97043A83A9 /* Pods.framework in Frameworks */,
			);
			runOnlyForDeploymentPostprocessing = 0;
		};
		48EDA1D91D0CF792001646A6 /* Frameworks */ = {
			isa = PBXFrameworksBuildPhase;
			buildActionMask = 2147483647;
			files = (
			);
			runOnlyForDeploymentPostprocessing = 0;
		};
		48EDA1E41D0CF792001646A6 /* Frameworks */ = {
			isa = PBXFrameworksBuildPhase;
			buildActionMask = 2147483647;
			files = (
			);
			runOnlyForDeploymentPostprocessing = 0;
		};
/* End PBXFrameworksBuildPhase section */

/* Begin PBXGroup section */
		48EDA1BF1D0CF792001646A6 = {
			isa = PBXGroup;
			children = (
				48EDA1CA1D0CF792001646A6 /* Corner */,
				48EDA1DF1D0CF792001646A6 /* CornerTests */,
				48EDA1EA1D0CF792001646A6 /* CornerUITests */,
				48EDA1C91D0CF792001646A6 /* Products */,
				674B1AE6CF159F5C583DEE7E /* Pods */,
				86A4D03F401CA617B9DA4948 /* Frameworks */,
			);
			sourceTree = "<group>";
		};
		48EDA1C91D0CF792001646A6 /* Products */ = {
			isa = PBXGroup;
			children = (
				48EDA1C81D0CF792001646A6 /* Corner.app */,
				48EDA1DC1D0CF792001646A6 /* CornerTests.xctest */,
				48EDA1E71D0CF792001646A6 /* CornerUITests.xctest */,
			);
			name = Products;
			sourceTree = "<group>";
		};
		48EDA1CA1D0CF792001646A6 /* Corner */ = {
			isa = PBXGroup;
			children = (
				48EDA1CB1D0CF792001646A6 /* AppDelegate.swift */,
				48EDA1CD1D0CF792001646A6 /* ViewController.swift */,
				48EDA1CF1D0CF792001646A6 /* Main.storyboard */,
				48EDA1D21D0CF792001646A6 /* Assets.xcassets */,
				48EDA1D41D0CF792001646A6 /* LaunchScreen.storyboard */,
				48EDA1D71D0CF792001646A6 /* Info.plist */,
				48EDA1F91D0D0162001646A6 /* AdView.xib */,
			);
			path = Corner;
			sourceTree = "<group>";
		};
		48EDA1DF1D0CF792001646A6 /* CornerTests */ = {
			isa = PBXGroup;
			children = (
				48EDA1E01D0CF792001646A6 /* CornerTests.swift */,
				48EDA1E21D0CF792001646A6 /* Info.plist */,
			);
			path = CornerTests;
			sourceTree = "<group>";
		};
		48EDA1EA1D0CF792001646A6 /* CornerUITests */ = {
			isa = PBXGroup;
			children = (
				48EDA1EB1D0CF792001646A6 /* CornerUITests.swift */,
				48EDA1ED1D0CF792001646A6 /* Info.plist */,
			);
			path = CornerUITests;
			sourceTree = "<group>";
		};
		674B1AE6CF159F5C583DEE7E /* Pods */ = {
			isa = PBXGroup;
			children = (
				3818C7E1466B34F32C237A02 /* Pods.debug.xcconfig */,
				B01E33391E1467D57BFF893B /* Pods.release.xcconfig */,
			);
			name = Pods;
			sourceTree = "<group>";
		};
		86A4D03F401CA617B9DA4948 /* Frameworks */ = {
			isa = PBXGroup;
			children = (
				FAF0BBE6266C7E160908CD21 /* Pods.framework */,
			);
			name = Frameworks;
			sourceTree = "<group>";
		};
/* End PBXGroup section */

/* Begin PBXNativeTarget section */
		48EDA1C71D0CF792001646A6 /* Corner */ = {
			isa = PBXNativeTarget;
			buildConfigurationList = 48EDA1F01D0CF792001646A6 /* Build configuration list for PBXNativeTarget "Corner" */;
			buildPhases = (
				83393D386ED4B9A7F42B9B14 /* Check Pods Manifest.lock */,
				48EDA1C41D0CF792001646A6 /* Sources */,
				48EDA1C51D0CF792001646A6 /* Frameworks */,
				48EDA1C61D0CF792001646A6 /* Resources */,
				A3304794C409C654A952FFA3 /* Embed Pods Frameworks */,
				490E010538D7222A3C0F595B /* Copy Pods Resources */,
			);
			buildRules = (
			);
			dependencies = (
			);
			name = Corner;
			productName = Corner;
			productReference = 48EDA1C81D0CF792001646A6 /* Corner.app */;
			productType = "com.apple.product-type.application";
		};
		48EDA1DB1D0CF792001646A6 /* CornerTests */ = {
			isa = PBXNativeTarget;
			buildConfigurationList = 48EDA1F31D0CF792001646A6 /* Build configuration list for PBXNativeTarget "CornerTests" */;
			buildPhases = (
				48EDA1D81D0CF792001646A6 /* Sources */,
				48EDA1D91D0CF792001646A6 /* Frameworks */,
				48EDA1DA1D0CF792001646A6 /* Resources */,
			);
			buildRules = (
			);
			dependencies = (
				48EDA1DE1D0CF792001646A6 /* PBXTargetDependency */,
			);
			name = CornerTests;
			productName = CornerTests;
			productReference = 48EDA1DC1D0CF792001646A6 /* CornerTests.xctest */;
			productType = "com.apple.product-type.bundle.unit-test";
		};
		48EDA1E61D0CF792001646A6 /* CornerUITests */ = {
			isa = PBXNativeTarget;
			buildConfigurationList = 48EDA1F61D0CF792001646A6 /* Build configuration list for PBXNativeTarget "CornerUITests" */;
			buildPhases = (
				48EDA1E31D0CF792001646A6 /* Sources */,
				48EDA1E41D0CF792001646A6 /* Frameworks */,
				48EDA1E51D0CF792001646A6 /* Resources */,
			);
			buildRules = (
			);
			dependencies = (
				48EDA1E91D0CF792001646A6 /* PBXTargetDependency */,
			);
			name = CornerUITests;
			productName = CornerUITests;
			productReference = 48EDA1E71D0CF792001646A6 /* CornerUITests.xctest */;
			productType = "com.apple.product-type.bundle.ui-testing";
		};
/* End PBXNativeTarget section */

/* Begin PBXProject section */
		48EDA1C01D0CF792001646A6 /* Project object */ = {
			isa = PBXProject;
			attributes = {
				LastSwiftUpdateCheck = 0730;
				LastUpgradeCheck = 0730;
				ORGANIZATIONNAME = ijiejiao;
				TargetAttributes = {
					48EDA1C71D0CF792001646A6 = {
						CreatedOnToolsVersion = 7.3.1;
						DevelopmentTeam = 7RX632A7N8;
					};
					48EDA1DB1D0CF792001646A6 = {
						CreatedOnToolsVersion = 7.3.1;
						TestTargetID = 48EDA1C71D0CF792001646A6;
					};
					48EDA1E61D0CF792001646A6 = {
						CreatedOnToolsVersion = 7.3.1;
						TestTargetID = 48EDA1C71D0CF792001646A6;
					};
				};
			};
			buildConfigurationList = 48EDA1C31D0CF792001646A6 /* Build configuration list for PBXProject "Corner" */;
			compatibilityVersion = "Xcode 3.2";
			developmentRegion = English;
			hasScannedForEncodings = 0;
			knownRegions = (
				en,
				Base,
			);
			mainGroup = 48EDA1BF1D0CF792001646A6;
			productRefGroup = 48EDA1C91D0CF792001646A6 /* Products */;
			projectDirPath = "";
			projectRoot = "";
			targets = (
				48EDA1C71D0CF792001646A6 /* Corner */,
				48EDA1DB1D0CF792001646A6 /* CornerTests */,
				48EDA1E61D0CF792001646A6 /* CornerUITests */,
			);
		};
/* End PBXProject section */

/* Begin PBXResourcesBuildPhase section */
		48EDA1C61D0CF792001646A6 /* Resources */ = {
			isa = PBXResourcesBuildPhase;
			buildActionMask = 2147483647;
			files = (
				48EDA1D61D0CF792001646A6 /* LaunchScreen.storyboard in Resources */,
				48EDA1D31D0CF792001646A6 /* Assets.xcassets in Resources */,
				48EDA1D11D0CF792001646A6 /* Main.storyboard in Resources */,
				48EDA1FA1D0D0162001646A6 /* AdView.xib in Resources */,
			);
			runOnlyForDeploymentPostprocessing = 0;
		};
		48EDA1DA1D0CF792001646A6 /* Resources */ = {
			isa = PBXResourcesBuildPhase;
			buildActionMask = 2147483647;
			files = (
			);
			runOnlyForDeploymentPostprocessing = 0;
		};
		48EDA1E51D0CF792001646A6 /* Resources */ = {
			isa = PBXResourcesBuildPhase;
			buildActionMask = 2147483647;
			files = (
			);
			runOnlyForDeploymentPostprocessing = 0;
		};
/* End PBXResourcesBuildPhase section */

/* Begin PBXShellScriptBuildPhase section */
		490E010538D7222A3C0F595B /* Copy Pods Resources */ = {
			isa = PBXShellScriptBuildPhase;
			buildActionMask = 2147483647;
			files = (
			);
			inputPaths = (
			);
			name = "Copy Pods Resources";
			outputPaths = (
			);
			runOnlyForDeploymentPostprocessing = 0;
			shellPath = /bin/sh;
			shellScript = "\"${SRCROOT}/Pods/Target Support Files/Pods/Pods-resources.sh\"\n";
			showEnvVarsInLog = 0;
		};
		83393D386ED4B9A7F42B9B14 /* Check Pods Manifest.lock */ = {
			isa = PBXShellScriptBuildPhase;
			buildActionMask = 2147483647;
			files = (
			);
			inputPaths = (
			);
			name = "Check Pods Manifest.lock";
			outputPaths = (
			);
			runOnlyForDeploymentPostprocessing = 0;
			shellPath = /bin/sh;
			shellScript = "diff \"${PODS_ROOT}/../Podfile.lock\" \"${PODS_ROOT}/Manifest.lock\" > /dev/null\nif [[ $? != 0 ]] ; then\n    cat << EOM\nerror: The sandbox is not in sync with the Podfile.lock. Run 'pod install' or update your CocoaPods installation.\nEOM\n    exit 1\nfi\n";
			showEnvVarsInLog = 0;
		};
		A3304794C409C654A952FFA3 /* Embed Pods Frameworks */ = {
			isa = PBXShellScriptBuildPhase;
			buildActionMask = 2147483647;
			files = (
			);
			inputPaths = (
			);
			name = "Embed Pods Frameworks";
			outputPaths = (
			);
			runOnlyForDeploymentPostprocessing = 0;
			shellPath = /bin/sh;
			shellScript = "\"${SRCROOT}/Pods/Target Support Files/Pods/Pods-frameworks.sh\"\n";
			showEnvVarsInLog = 0;
		};
/* End PBXShellScriptBuildPhase section */

/* Begin PBXSourcesBuildPhase section */
		48EDA1C41D0CF792001646A6 /* Sources */ = {
			isa = PBXSourcesBuildPhase;
			buildActionMask = 2147483647;
			files = (
				48EDA1CE1D0CF792001646A6 /* ViewController.swift in Sources */,
				48EDA1CC1D0CF792001646A6 /* AppDelegate.swift in Sources */,
			);
			runOnlyForDeploymentPostprocessing = 0;
		};
		48EDA1D81D0CF792001646A6 /* Sources */ = {
			isa = PBXSourcesBuildPhase;
			buildActionMask = 2147483647;
			files = (
				48EDA1E11D0CF792001646A6 /* CornerTests.swift in Sources */,
			);
			runOnlyForDeploymentPostprocessing = 0;
		};
		48EDA1E31D0CF792001646A6 /* Sources */ = {
			isa = PBXSourcesBuildPhase;
			buildActionMask = 2147483647;
			files = (
				48EDA1EC1D0CF792001646A6 /* CornerUITests.swift in Sources */,
			);
			runOnlyForDeploymentPostprocessing = 0;
		};
/* End PBXSourcesBuildPhase section */

/* Begin PBXTargetDependency section */
		48EDA1DE1D0CF792001646A6 /* PBXTargetDependency */ = {
			isa = PBXTargetDependency;
			target = 48EDA1C71D0CF792001646A6 /* Corner */;
			targetProxy = 48EDA1DD1D0CF792001646A6 /* PBXContainerItemProxy */;
		};
		48EDA1E91D0CF792001646A6 /* PBXTargetDependency */ = {
			isa = PBXTargetDependency;
			target = 48EDA1C71D0CF792001646A6 /* Corner */;
			targetProxy = 48EDA1E81D0CF792001646A6 /* PBXContainerItemProxy */;
		};
/* End PBXTargetDependency section */

/* Begin PBXVariantGroup section */
		48EDA1CF1D0CF792001646A6 /* Main.storyboard */ = {
			isa = PBXVariantGroup;
			children = (
				48EDA1D01D0CF792001646A6 /* Base */,
			);
			name = Main.storyboard;
			sourceTree = "<group>";
		};
		48EDA1D41D0CF792001646A6 /* LaunchScreen.storyboard */ = {
			isa = PBXVariantGroup;
			children = (
				48EDA1D51D0CF792001646A6 /* Base */,
			);
			name = LaunchScreen.storyboard;
			sourceTree = "<group>";
		};
/* End PBXVariantGroup section */

/* Begin XCBuildConfiguration section */
		48EDA1EE1D0CF792001646A6 /* Debug */ = {
			isa = XCBuildConfiguration;
			buildSettings = {
				ALWAYS_SEARCH_USER_PATHS = NO;
				CLANG_ANALYZER_NONNULL = YES;
				CLANG_CXX_LANGUAGE_STANDARD = "gnu++0x";
				CLANG_CXX_LIBRARY = "libc++";
				CLANG_ENABLE_MODULES = YES;
				CLANG_ENABLE_OBJC_ARC = YES;
				CLANG_WARN_BOOL_CONVERSION = YES;
				CLANG_WARN_CONSTANT_CONVERSION = YES;
				CLANG_WARN_DIRECT_OBJC_ISA_USAGE = YES_ERROR;
				CLANG_WARN_EMPTY_BODY = YES;
				CLANG_WARN_ENUM_CONVERSION = YES;
				CLANG_WARN_INT_CONVERSION = YES;
				CLANG_WARN_OBJC_ROOT_CLASS = YES_ERROR;
				CLANG_WARN_UNREACHABLE_CODE = YES;
				CLANG_WARN__DUPLICATE_METHOD_MATCH = YES;
				"CODE_SIGN_IDENTITY[sdk=iphoneos*]" = "iPhone Developer";
				COPY_PHASE_STRIP = NO;
				DEBUG_INFORMATION_FORMAT = dwarf;
				ENABLE_STRICT_OBJC_MSGSEND = YES;
				ENABLE_TESTABILITY = YES;
				GCC_C_LANGUAGE_STANDARD = gnu99;
				GCC_DYNAMIC_NO_PIC = NO;
				GCC_NO_COMMON_BLOCKS = YES;
				GCC_OPTIMIZATION_LEVEL = 0;
				GCC_PREPROCESSOR_DEFINITIONS = (
					"DEBUG=1",
					"$(inherited)",
				);
				GCC_WARN_64_TO_32_BIT_CONVERSION = YES;
				GCC_WARN_ABOUT_RETURN_TYPE = YES_ERROR;
				GCC_WARN_UNDECLARED_SELECTOR = YES;
				GCC_WARN_UNINITIALIZED_AUTOS = YES_AGGRESSIVE;
				GCC_WARN_UNUSED_FUNCTION = YES;
				GCC_WARN_UNUSED_VARIABLE = YES;
				IPHONEOS_DEPLOYMENT_TARGET = 9.3;
				MTL_ENABLE_DEBUG_INFO = YES;
				ONLY_ACTIVE_ARCH = YES;
				SDKROOT = iphoneos;
				SWIFT_OPTIMIZATION_LEVEL = "-Onone";
				TARGETED_DEVICE_FAMILY = "1,2";
			};
			name = Debug;
		};
		48EDA1EF1D0CF792001646A6 /* Release */ = {
			isa = XCBuildConfiguration;
			buildSettings = {
				ALWAYS_SEARCH_USER_PATHS = NO;
				CLANG_ANALYZER_NONNULL = YES;
				CLANG_CXX_LANGUAGE_STANDARD = "gnu++0x";
				CLANG_CXX_LIBRARY = "libc++";
				CLANG_ENABLE_MODULES = YES;
				CLANG_ENABLE_OBJC_ARC = YES;
				CLANG_WARN_BOOL_CONVERSION = YES;
				CLANG_WARN_CONSTANT_CONVERSION = YES;
				CLANG_WARN_DIRECT_OBJC_ISA_USAGE = YES_ERROR;
				CLANG_WARN_EMPTY_BODY = YES;
				CLANG_WARN_ENUM_CONVERSION = YES;
				CLANG_WARN_INT_CONVERSION = YES;
				CLANG_WARN_OBJC_ROOT_CLASS = YES_ERROR;
				CLANG_WARN_UNREACHABLE_CODE = YES;
				CLANG_WARN__DUPLICATE_METHOD_MATCH = YES;
				"CODE_SIGN_IDENTITY[sdk=iphoneos*]" = "iPhone Developer";
				COPY_PHASE_STRIP = NO;
				DEBUG_INFORMATION_FORMAT = "dwarf-with-dsym";
				ENABLE_NS_ASSERTIONS = NO;
				ENABLE_STRICT_OBJC_MSGSEND = YES;
				GCC_C_LANGUAGE_STANDARD = gnu99;
				GCC_NO_COMMON_BLOCKS = YES;
				GCC_WARN_64_TO_32_BIT_CONVERSION = YES;
				GCC_WARN_ABOUT_RETURN_TYPE = YES_ERROR;
				GCC_WARN_UNDECLARED_SELECTOR = YES;
				GCC_WARN_UNINITIALIZED_AUTOS = YES_AGGRESSIVE;
				GCC_WARN_UNUSED_FUNCTION = YES;
				GCC_WARN_UNUSED_VARIABLE = YES;
				IPHONEOS_DEPLOYMENT_TARGET = 9.3;
				MTL_ENABLE_DEBUG_INFO = NO;
				SDKROOT = iphoneos;
				TARGETED_DEVICE_FAMILY = "1,2";
				VALIDATE_PRODUCT = YES;
			};
			name = Release;
		};
		48EDA1F11D0CF792001646A6 /* Debug */ = {
			isa = XCBuildConfiguration;
			baseConfigurationReference = 3818C7E1466B34F32C237A02 /* Pods.debug.xcconfig */;
			buildSettings = {
				ASSETCATALOG_COMPILER_APPICON_NAME = AppIcon;
				CODE_SIGN_IDENTITY = "iPhone Developer";
				INFOPLIST_FILE = Corner/Info.plist;
				LD_RUNPATH_SEARCH_PATHS = "$(inherited) @executable_path/Frameworks";
				PRODUCT_BUNDLE_IDENTIFIER = org.ijiejiao.Corner;
				PRODUCT_NAME = "$(TARGET_NAME)";
			};
			name = Debug;
		};
		48EDA1F21D0CF792001646A6 /* Release */ = {
			isa = XCBuildConfiguration;
			baseConfigurationReference = B01E33391E1467D57BFF893B /* Pods.release.xcconfig */;
			buildSettings = {
				ASSETCATALOG_COMPILER_APPICON_NAME = AppIcon;
				CODE_SIGN_IDENTITY = "iPhone Developer";
				INFOPLIST_FILE = Corner/Info.plist;
				LD_RUNPATH_SEARCH_PATHS = "$(inherited) @executable_path/Frameworks";
				PRODUCT_BUNDLE_IDENTIFIER = org.ijiejiao.Corner;
				PRODUCT_NAME = "$(TARGET_NAME)";
			};
			name = Release;
		};
		48EDA1F41D0CF792001646A6 /* Debug */ = {
			isa = XCBuildConfiguration;
			buildSettings = {
				BUNDLE_LOADER = "$(TEST_HOST)";
				INFOPLIST_FILE = CornerTests/Info.plist;
				LD_RUNPATH_SEARCH_PATHS = "$(inherited) @executable_path/Frameworks @loader_path/Frameworks";
				PRODUCT_BUNDLE_IDENTIFIER = org.ijiejiao.CornerTests;
				PRODUCT_NAME = "$(TARGET_NAME)";
				TEST_HOST = "$(BUILT_PRODUCTS_DIR)/Corner.app/Corner";
			};
			name = Debug;
		};
		48EDA1F51D0CF792001646A6 /* Release */ = {
			isa = XCBuildConfiguration;
			buildSettings = {
				BUNDLE_LOADER = "$(TEST_HOST)";
				INFOPLIST_FILE = CornerTests/Info.plist;
				LD_RUNPATH_SEARCH_PATHS = "$(inherited) @executable_path/Frameworks @loader_path/Frameworks";
				PRODUCT_BUNDLE_IDENTIFIER = org.ijiejiao.CornerTests;
				PRODUCT_NAME = "$(TARGET_NAME)";
				TEST_HOST = "$(BUILT_PRODUCTS_DIR)/Corner.app/Corner";
			};
			name = Release;
		};
		48EDA1F71D0CF792001646A6 /* Debug */ = {
			isa = XCBuildConfiguration;
			buildSettings = {
				INFOPLIST_FILE = CornerUITests/Info.plist;
				LD_RUNPATH_SEARCH_PATHS = "$(inherited) @executable_path/Frameworks @loader_path/Frameworks";
				PRODUCT_BUNDLE_IDENTIFIER = org.ijiejiao.CornerUITests;
				PRODUCT_NAME = "$(TARGET_NAME)";
				TEST_TARGET_NAME = Corner;
			};
			name = Debug;
		};
		48EDA1F81D0CF792001646A6 /* Release */ = {
			isa = XCBuildConfiguration;
			buildSettings = {
				INFOPLIST_FILE = CornerUITests/Info.plist;
				LD_RUNPATH_SEARCH_PATHS = "$(inherited) @executable_path/Frameworks @loader_path/Frameworks";
				PRODUCT_BUNDLE_IDENTIFIER = org.ijiejiao.CornerUITests;
				PRODUCT_NAME = "$(TARGET_NAME)";
				TEST_TARGET_NAME = Corner;
			};
			name = Release;
		};
/* End XCBuildConfiguration section */

/* Begin XCConfigurationList section */
		48EDA1C31D0CF792001646A6 /* Build configuration list for PBXProject "Corner" */ = {
			isa = XCConfigurationList;
			buildConfigurations = (
				48EDA1EE1D0CF792001646A6 /* Debug */,
				48EDA1EF1D0CF792001646A6 /* Release */,
			);
			defaultConfigurationIsVisible = 0;
			defaultConfigurationName = Release;
		};
		48EDA1F01D0CF792001646A6 /* Build configuration list for PBXNativeTarget "Corner" */ = {
			isa = XCConfigurationList;
			buildConfigurations = (
				48EDA1F11D0CF792001646A6 /* Debug */,
				48EDA1F21D0CF792001646A6 /* Release */,
			);
			defaultConfigurationIsVisible = 0;
			defaultConfigurationName = Release;
		};
		48EDA1F31D0CF792001646A6 /* Build configuration list for PBXNativeTarget "CornerTests" */ = {
			isa = XCConfigurationList;
			buildConfigurations = (
				48EDA1F41D0CF792001646A6 /* Debug */,
				48EDA1F51D0CF792001646A6 /* Release */,
			);
			defaultConfigurationIsVisible = 0;
			defaultConfigurationName = Release;
		};
		48EDA1F61D0CF792001646A6 /* Build configuration list for PBXNativeTarget "CornerUITests" */ = {
			isa = XCConfigurationList;
			buildConfigurations = (
				48EDA1F71D0CF792001646A6 /* Debug */,
				48EDA1F81D0CF792001646A6 /* Release */,
			);
			defaultConfigurationIsVisible = 0;
			defaultConfigurationName = Release;
		};
/* End XCConfigurationList section */
	};
	rootObject = 48EDA1C01D0CF792001646A6 /* Project object */;
}
